
Microsoft Visual Studio Solution File, Format Version 12.00
# Visual Studio 15
VisualStudioVersion = 15.0.28307.960
MinimumVisualStudioVersion = 10.0.40219.1
Project("{FAE04EC0-301F-11D3-BF4B-00C04F79EFBC}") = "Library", "Library\Library.csproj", "{53A3E0EE-6923-4D6A-9DEC-6227642DC97E}"
EndProject
Project("{FAE04EC0-301F-11D3-BF4B-00C04F79EFBC}") = "LibraryDL", "LibraryDL\LibraryDL.csproj", "{1AC2B92A-7C85-4CFA-81EC-598BD6796332}"
EndProject
Project("{FAE04EC0-301F-11D3-BF4B-00C04F79EFBC}") = "LibraryBL", "LibraryBL\LibraryBL.csproj", "{00696871-7F3C-456D-A299-F7AE52D82966}"
EndProject
Project("{FAE04EC0-301F-11D3-BF4B-00C04F79EFBC}") = "CommonFunction", "CommonFunction\CommonFunction.csproj", "{2F886B49-6E92-46B0-AD4C-61E7C6FA5AAC}"
EndProject
Global
	GlobalSection(SolutionConfigurationPlatforms) = preSolution
		Debug|Any CPU = Debug|Any CPU
		Release|Any CPU = Release|Any CPU
	EndGlobalSection
	GlobalSection(ProjectConfigurationPlatforms) = postSolution
		{53A3E0EE-6923-4D6A-9DEC-6227642DC97E}.Debug|Any CPU.ActiveCfg = Debug|Any CPU
		{53A3E0EE-6923-4D6A-9DEC-6227642DC97E}.Debug|Any CPU.Build.0 = Debug|Any CPU
		{53A3E0EE-6923-4D6A-9DEC-6227642DC97E}.Release|Any CPU.ActiveCfg = Release|Any CPU
		{53A3E0EE-6923-4D6A-9DEC-6227642DC97E}.Release|Any CPU.Build.0 = Release|Any CPU
		{1AC2B92A-7C85-4CFA-81EC-598BD6796332}.Debug|Any CPU.ActiveCfg = Debug|Any CPU
		{1AC2B92A-7C85-4CFA-81EC-598BD6796332}.Debug|Any CPU.Build.0 = Debug|Any CPU
		{1AC2B92A-7C85-4CFA-81EC-598BD6796332}.Release|Any CPU.ActiveCfg = Release|Any CPU
		{1AC2B92A-7C85-4CFA-81EC-598BD6796332}.Release|Any CPU.Build.0 = Release|Any CPU
		{00696871-7F3C-456D-A299-F7AE52D82966}.Debug|Any CPU.ActiveCfg = Debug|Any CPU
		{00696871-7F3C-456D-A299-F7AE52D82966}.Debug|Any CPU.Build.0 = Debug|Any CPU
		{00696871-7F3C-456D-A299-F7AE52D82966}.Release|Any CPU.ActiveCfg = Release|Any CPU
		{00696871-7F3C-456D-A299-F7AE52D82966}.Release|Any CPU.Build.0 = Release|Any CPU
		{2F886B49-6E92-46B0-AD4C-61E7C6FA5AAC}.Debug|Any CPU.ActiveCfg = Debug|Any CPU
		{2F886B49-6E92-46B0-AD4C-61E7C6FA5AAC}.Debug|Any CPU.Build.0 = Debug|Any CPU
		{2F886B49-6E92-46B0-AD4C-61E7C6FA5AAC}.Release|Any CPU.ActiveCfg = Release|Any CPU
		{2F886B49-6E92-46B0-AD4C-61E7C6FA5AAC}.Release|Any CPU.Build.0 = Release|Any CPU
	EndGlobalSection
	GlobalSection(SolutionProperties) = preSolution
		HideSolutionNode = FALSE
	EndGlobalSection
	GlobalSection(ExtensibilityGlobals) = postSolution
		SolutionGuid = {36E2F94A-C649-4CA1-AE70-C9C2B77B3C49}
	EndGlobalSection
EndGlobal
